// !$*UTF8*$!
{
	archiveVersion = 1;
	classes = {
	};
	objectVersion = 56;
	objects = {

/* Begin PBXBuildFile section */
		710C359E296C58AC00ED034F /* MutaroUITests.swift in Sources */ = {isa = PBXBuildFile; fileRef = 710C359D296C58AC00ED034F /* MutaroUITests.swift */; };
		710C35A0296C58AC00ED034F /* MutaroUITestsLaunchTests.swift in Sources */ = {isa = PBXBuildFile; fileRef = 710C359F296C58AC00ED034F /* MutaroUITestsLaunchTests.swift */; };
		710C35A9296C5B7A00ED034F /* Core in Frameworks */ = {isa = PBXBuildFile; productRef = 710C35A8296C5B7A00ED034F /* Core */; };
		710C35AB296C5B7A00ED034F /* FirebaseSetup in Frameworks */ = {isa = PBXBuildFile; productRef = 710C35AA296C5B7A00ED034F /* FirebaseSetup */; };
		715E9587295CC20800AD6331 /* AppDelegate.swift in Sources */ = {isa = PBXBuildFile; fileRef = 715E9586295CC20800AD6331 /* AppDelegate.swift */; };
		715E9589295CC20800AD6331 /* SceneDelegate.swift in Sources */ = {isa = PBXBuildFile; fileRef = 715E9588295CC20800AD6331 /* SceneDelegate.swift */; };
		715E95C6295CD16400AD6331 /* license_plist.yml in Resources */ = {isa = PBXBuildFile; fileRef = 715E95C5295CD16400AD6331 /* license_plist.yml */; };
		718FD576296EE13C00FE8F8D /* Assets.xcassets in Resources */ = {isa = PBXBuildFile; fileRef = 71FDC94A2969D2C0006861E8 /* Assets.xcassets */; };
		71F5BD0D2961FB2A00CCC3F8 /* mutaro_6.png in Resources */ = {isa = PBXBuildFile; fileRef = 71F5BD062961FB2A00CCC3F8 /* mutaro_6.png */; };
		71F5BD0F2961FB2A00CCC3F8 /* mutaro_4.png in Resources */ = {isa = PBXBuildFile; fileRef = 71F5BD082961FB2A00CCC3F8 /* mutaro_4.png */; };
		71F5BD102961FB2A00CCC3F8 /* mutaro_1.png in Resources */ = {isa = PBXBuildFile; fileRef = 71F5BD092961FB2A00CCC3F8 /* mutaro_1.png */; };
		71F5BD112961FB2A00CCC3F8 /* mutaro_0.png in Resources */ = {isa = PBXBuildFile; fileRef = 71F5BD0A2961FB2A00CCC3F8 /* mutaro_0.png */; };
		71F5BD122961FB2A00CCC3F8 /* mutaro_2.png in Resources */ = {isa = PBXBuildFile; fileRef = 71F5BD0B2961FB2A00CCC3F8 /* mutaro_2.png */; };
		71F5BD132961FB2A00CCC3F8 /* mutaro_3.png in Resources */ = {isa = PBXBuildFile; fileRef = 71F5BD0C2961FB2A00CCC3F8 /* mutaro_3.png */; };
		71F5BD152961FE4600CCC3F8 /* mutaro_5.png in Resources */ = {isa = PBXBuildFile; fileRef = 71F5BD142961FE4600CCC3F8 /* mutaro_5.png */; };
		71FB3C8829707B5E008F843A /* Features in Frameworks */ = {isa = PBXBuildFile; productRef = 71FB3C8729707B5E008F843A /* Features */; };
		71FB3C8A29707B5E008F843A /* FirebaseSetup in Frameworks */ = {isa = PBXBuildFile; productRef = 71FB3C8929707B5E008F843A /* FirebaseSetup */; };
/* End PBXBuildFile section */

/* Begin PBXContainerItemProxy section */
		710C35A1296C58AC00ED034F /* PBXContainerItemProxy */ = {
			isa = PBXContainerItemProxy;
			containerPortal = 715E957B295CC20800AD6331 /* Project object */;
			proxyType = 1;
			remoteGlobalIDString = 715E9582295CC20800AD6331;
			remoteInfo = MutaroApp;
		};
/* End PBXContainerItemProxy section */

/* Begin PBXFileReference section */
		710C359B296C58AB00ED034F /* MutaroUITests.xctest */ = {isa = PBXFileReference; explicitFileType = wrapper.cfbundle; includeInIndex = 0; path = MutaroUITests.xctest; sourceTree = BUILT_PRODUCTS_DIR; };
		710C359D296C58AC00ED034F /* MutaroUITests.swift */ = {isa = PBXFileReference; lastKnownFileType = sourcecode.swift; path = MutaroUITests.swift; sourceTree = "<group>"; };
		710C359F296C58AC00ED034F /* MutaroUITestsLaunchTests.swift */ = {isa = PBXFileReference; lastKnownFileType = sourcecode.swift; path = MutaroUITestsLaunchTests.swift; sourceTree = "<group>"; };
		715E9583295CC20800AD6331 /* Mutaro.app */ = {isa = PBXFileReference; explicitFileType = wrapper.application; includeInIndex = 0; path = Mutaro.app; sourceTree = BUILT_PRODUCTS_DIR; };
		715E9586295CC20800AD6331 /* AppDelegate.swift */ = {isa = PBXFileReference; lastKnownFileType = sourcecode.swift; path = AppDelegate.swift; sourceTree = "<group>"; };
		715E9588295CC20800AD6331 /* SceneDelegate.swift */ = {isa = PBXFileReference; lastKnownFileType = sourcecode.swift; path = SceneDelegate.swift; sourceTree = "<group>"; };
		715E9594295CC20A00AD6331 /* Info.plist */ = {isa = PBXFileReference; lastKnownFileType = text.plist.xml; path = Info.plist; sourceTree = "<group>"; };
		715E95C5295CD16400AD6331 /* license_plist.yml */ = {isa = PBXFileReference; fileEncoding = 4; lastKnownFileType = text.yaml; path = license_plist.yml; sourceTree = "<group>"; };
		71F5BD062961FB2A00CCC3F8 /* mutaro_6.png */ = {isa = PBXFileReference; lastKnownFileType = image.png; path = mutaro_6.png; sourceTree = "<group>"; };
		71F5BD082961FB2A00CCC3F8 /* mutaro_4.png */ = {isa = PBXFileReference; lastKnownFileType = image.png; path = mutaro_4.png; sourceTree = "<group>"; };
		71F5BD092961FB2A00CCC3F8 /* mutaro_1.png */ = {isa = PBXFileReference; lastKnownFileType = image.png; path = mutaro_1.png; sourceTree = "<group>"; };
		71F5BD0A2961FB2A00CCC3F8 /* mutaro_0.png */ = {isa = PBXFileReference; lastKnownFileType = image.png; path = mutaro_0.png; sourceTree = "<group>"; };
		71F5BD0B2961FB2A00CCC3F8 /* mutaro_2.png */ = {isa = PBXFileReference; lastKnownFileType = image.png; path = mutaro_2.png; sourceTree = "<group>"; };
		71F5BD0C2961FB2A00CCC3F8 /* mutaro_3.png */ = {isa = PBXFileReference; lastKnownFileType = image.png; path = mutaro_3.png; sourceTree = "<group>"; };
		71F5BD142961FE4600CCC3F8 /* mutaro_5.png */ = {isa = PBXFileReference; lastKnownFileType = image.png; path = mutaro_5.png; sourceTree = "<group>"; };
		71FDC929296861A7006861E8 /* Development.xcconfig */ = {isa = PBXFileReference; lastKnownFileType = text.xcconfig; path = Development.xcconfig; sourceTree = "<group>"; };
		71FDC92A296861AD006861E8 /* Production.xcconfig */ = {isa = PBXFileReference; lastKnownFileType = text.xcconfig; path = Production.xcconfig; sourceTree = "<group>"; };
		71FDC93829688337006861E8 /* GoogleService-Info-dev.plist */ = {isa = PBXFileReference; lastKnownFileType = text.plist.xml; path = "GoogleService-Info-dev.plist"; sourceTree = "<group>"; };
		71FDC939296883AB006861E8 /* GoogleService-Info-prod.plist */ = {isa = PBXFileReference; lastKnownFileType = text.plist.xml; path = "GoogleService-Info-prod.plist"; sourceTree = "<group>"; };
		71FDC94A2969D2C0006861E8 /* Assets.xcassets */ = {isa = PBXFileReference; lastKnownFileType = folder.assetcatalog; path = Assets.xcassets; sourceTree = "<group>"; };
/* End PBXFileReference section */

/* Begin PBXFrameworksBuildPhase section */
		710C3598296C58AB00ED034F /* Frameworks */ = {
			isa = PBXFrameworksBuildPhase;
			buildActionMask = 2147483647;
			files = (
				710C35A9296C5B7A00ED034F /* Core in Frameworks */,
				710C35AB296C5B7A00ED034F /* FirebaseSetup in Frameworks */,
			);
			runOnlyForDeploymentPostprocessing = 0;
		};
		715E9580295CC20800AD6331 /* Frameworks */ = {
			isa = PBXFrameworksBuildPhase;
			buildActionMask = 2147483647;
			files = (
				71FB3C8829707B5E008F843A /* Features in Frameworks */,
				71FB3C8A29707B5E008F843A /* FirebaseSetup in Frameworks */,
			);
			runOnlyForDeploymentPostprocessing = 0;
		};
/* End PBXFrameworksBuildPhase section */

/* Begin PBXGroup section */
		710C359C296C58AC00ED034F /* MutaroUITests */ = {
			isa = PBXGroup;
			children = (
				710C359D296C58AC00ED034F /* MutaroUITests.swift */,
				710C359F296C58AC00ED034F /* MutaroUITestsLaunchTests.swift */,
			);
			path = MutaroUITests;
			sourceTree = "<group>";
		};
		715E957A295CC20800AD6331 = {
			isa = PBXGroup;
			children = (
				715E9585295CC20800AD6331 /* MutaroApp */,
				710C359C296C58AC00ED034F /* MutaroUITests */,
				715E9584295CC20800AD6331 /* Products */,
				71FDC94029692C3B006861E8 /* Frameworks */,
			);
			sourceTree = "<group>";
		};
		715E9584295CC20800AD6331 /* Products */ = {
			isa = PBXGroup;
			children = (
				715E9583295CC20800AD6331 /* Mutaro.app */,
				710C359B296C58AB00ED034F /* MutaroUITests.xctest */,
			);
			name = Products;
			sourceTree = "<group>";
		};
		715E9585295CC20800AD6331 /* MutaroApp */ = {
			isa = PBXGroup;
			children = (
				715E95BF295CC35E00AD6331 /* Resources */,
				715E9586295CC20800AD6331 /* AppDelegate.swift */,
				715E9588295CC20800AD6331 /* SceneDelegate.swift */,
			);
			path = MutaroApp;
			sourceTree = "<group>";
		};
		715E95BF295CC35E00AD6331 /* Resources */ = {
			isa = PBXGroup;
			children = (
				71FDC926296860AA006861E8 /* GoogleServicePlists */,
				71FDC925296860A5006861E8 /* Configurations */,
				71F5BD052961FB2A00CCC3F8 /* MutaroPhotos */,
				715E95C5295CD16400AD6331 /* license_plist.yml */,
				715E9594295CC20A00AD6331 /* Info.plist */,
				71FDC94A2969D2C0006861E8 /* Assets.xcassets */,
			);
			path = Resources;
			sourceTree = "<group>";
		};
		71F5BD052961FB2A00CCC3F8 /* MutaroPhotos */ = {
			isa = PBXGroup;
			children = (
				71F5BD142961FE4600CCC3F8 /* mutaro_5.png */,
				71F5BD062961FB2A00CCC3F8 /* mutaro_6.png */,
				71F5BD082961FB2A00CCC3F8 /* mutaro_4.png */,
				71F5BD092961FB2A00CCC3F8 /* mutaro_1.png */,
				71F5BD0A2961FB2A00CCC3F8 /* mutaro_0.png */,
				71F5BD0B2961FB2A00CCC3F8 /* mutaro_2.png */,
				71F5BD0C2961FB2A00CCC3F8 /* mutaro_3.png */,
			);
			path = MutaroPhotos;
			sourceTree = "<group>";
		};
		71FDC925296860A5006861E8 /* Configurations */ = {
			isa = PBXGroup;
			children = (
				71FDC929296861A7006861E8 /* Development.xcconfig */,
				71FDC92A296861AD006861E8 /* Production.xcconfig */,
			);
			path = Configurations;
			sourceTree = "<group>";
		};
		71FDC926296860AA006861E8 /* GoogleServicePlists */ = {
			isa = PBXGroup;
			children = (
				71FDC939296883AB006861E8 /* GoogleService-Info-prod.plist */,
				71FDC93829688337006861E8 /* GoogleService-Info-dev.plist */,
			);
			path = GoogleServicePlists;
			sourceTree = "<group>";
		};
		71FDC94029692C3B006861E8 /* Frameworks */ = {
			isa = PBXGroup;
			children = (
			);
			name = Frameworks;
			sourceTree = "<group>";
		};
/* End PBXGroup section */

/* Begin PBXNativeTarget section */
		710C359A296C58AB00ED034F /* MutaroUITests */ = {
			isa = PBXNativeTarget;
			buildConfigurationList = 710C35A3296C58AC00ED034F /* Build configuration list for PBXNativeTarget "MutaroUITests" */;
			buildPhases = (
				710C3597296C58AB00ED034F /* Sources */,
				710C3598296C58AB00ED034F /* Frameworks */,
				710C3599296C58AB00ED034F /* Resources */,
			);
			buildRules = (
			);
			dependencies = (
				710C35A2296C58AC00ED034F /* PBXTargetDependency */,
			);
			name = MutaroUITests;
			packageProductDependencies = (
				710C35A8296C5B7A00ED034F /* Core */,
				710C35AA296C5B7A00ED034F /* FirebaseSetup */,
			);
			productName = MutaroUITests;
			productReference = 710C359B296C58AB00ED034F /* MutaroUITests.xctest */;
			productType = "com.apple.product-type.bundle.ui-testing";
		};
		715E9582295CC20800AD6331 /* MutaroApp */ = {
			isa = PBXNativeTarget;
			buildConfigurationList = 715E95AD295CC20A00AD6331 /* Build configuration list for PBXNativeTarget "MutaroApp" */;
			buildPhases = (
				71FDC93729686DEE006861E8 /* [NEED FIRST RUN] register env */,
				71FDC928296860F4006861E8 /* Copy Firebase Plist */,
				715E957F295CC20800AD6331 /* Sources */,
				715E9580295CC20800AD6331 /* Frameworks */,
				715E9581295CC20800AD6331 /* Resources */,
				7131E87F2970696B006E1C9D /* Run Swift-Format */,
				7131E88029707623006E1C9D /* Run Swift-Lint */,
				715E95C7295CD1AC00AD6331 /* Run LicensePlist */,
				715E95CF295CD8C600AD6331 /* Run FirebaseCrashlytics */,
			);
			buildRules = (
			);
			dependencies = (
			);
			name = MutaroApp;
			packageProductDependencies = (
				71FB3C8729707B5E008F843A /* Features */,
				71FB3C8929707B5E008F843A /* FirebaseSetup */,
			);
			productName = MutaroApp;
			productReference = 715E9583295CC20800AD6331 /* Mutaro.app */;
			productType = "com.apple.product-type.application";
		};
/* End PBXNativeTarget section */

/* Begin PBXProject section */
		715E957B295CC20800AD6331 /* Project object */ = {
			isa = PBXProject;
			attributes = {
				BuildIndependentTargetsInParallel = 1;
				LastSwiftUpdateCheck = 1410;
				LastUpgradeCheck = 1410;
				TargetAttributes = {
					710C359A296C58AB00ED034F = {
						CreatedOnToolsVersion = 14.1;
						TestTargetID = 715E9582295CC20800AD6331;
					};
					715E9582295CC20800AD6331 = {
						CreatedOnToolsVersion = 14.1;
					};
				};
			};
			buildConfigurationList = 715E957E295CC20800AD6331 /* Build configuration list for PBXProject "MutaroApp" */;
			compatibilityVersion = "Xcode 14.0";
			developmentRegion = en;
			hasScannedForEncodings = 0;
			knownRegions = (
				en,
				Base,
			);
			mainGroup = 715E957A295CC20800AD6331;
			productRefGroup = 715E9584295CC20800AD6331 /* Products */;
			projectDirPath = "";
			projectRoot = "";
			targets = (
				715E9582295CC20800AD6331 /* MutaroApp */,
				710C359A296C58AB00ED034F /* MutaroUITests */,
			);
		};
/* End PBXProject section */

/* Begin PBXResourcesBuildPhase section */
		710C3599296C58AB00ED034F /* Resources */ = {
			isa = PBXResourcesBuildPhase;
			buildActionMask = 2147483647;
			files = (
			);
			runOnlyForDeploymentPostprocessing = 0;
		};
		715E9581295CC20800AD6331 /* Resources */ = {
			isa = PBXResourcesBuildPhase;
			buildActionMask = 2147483647;
			files = (
				71F5BD0F2961FB2A00CCC3F8 /* mutaro_4.png in Resources */,
				718FD576296EE13C00FE8F8D /* Assets.xcassets in Resources */,
				71F5BD102961FB2A00CCC3F8 /* mutaro_1.png in Resources */,
				71F5BD122961FB2A00CCC3F8 /* mutaro_2.png in Resources */,
				71F5BD152961FE4600CCC3F8 /* mutaro_5.png in Resources */,
				71F5BD0D2961FB2A00CCC3F8 /* mutaro_6.png in Resources */,
				71F5BD132961FB2A00CCC3F8 /* mutaro_3.png in Resources */,
				71F5BD112961FB2A00CCC3F8 /* mutaro_0.png in Resources */,
				715E95C6295CD16400AD6331 /* license_plist.yml in Resources */,
			);
			runOnlyForDeploymentPostprocessing = 0;
		};
/* End PBXResourcesBuildPhase section */

/* Begin PBXShellScriptBuildPhase section */
		7131E87F2970696B006E1C9D /* Run Swift-Format */ = {
			isa = PBXShellScriptBuildPhase;
			buildActionMask = 2147483647;
			files = (
			);
			inputFileListPaths = (
			);
			inputPaths = (
			);
			name = "Run Swift-Format";
			outputFileListPaths = (
			);
			outputPaths = (
			);
			runOnlyForDeploymentPostprocessing = 0;
			shellPath = /bin/sh;
			shellScript = "cd ../MutaroModule\nfor path in $( ls Sources ); do    \n    if [ $path = \"AppResource\" ]; then        \n        continue\n    fi\n    xcrun --sdk macosx swift package plugin --allow-writing-to-package-directory format-source-code --target ${path}\ndone\n\n";
		};
		7131E88029707623006E1C9D /* Run Swift-Lint */ = {
			isa = PBXShellScriptBuildPhase;
			buildActionMask = 2147483647;
			files = (
			);
			inputFileListPaths = (
			);
			inputPaths = (
			);
			name = "Run Swift-Lint";
			outputFileListPaths = (
			);
			outputPaths = (
			);
			runOnlyForDeploymentPostprocessing = 0;
			shellPath = /bin/sh;
			shellScript = "cd ../MutaroModule\nfor path in $( ls Sources ); do\n    if [ $path = \"AppResource\" ]; then        \n        continue\n    fi\n    xcrun --sdk macosx swift package plugin --allow-writing-to-package-directory lint-source-code --target ${path}\ndone\n";
		};
		715E95C7295CD1AC00AD6331 /* Run LicensePlist */ = {
			isa = PBXShellScriptBuildPhase;
			buildActionMask = 2147483647;
			files = (
			);
			inputFileListPaths = (
			);
			inputPaths = (
			);
			name = "Run LicensePlist";
			outputFileListPaths = (
			);
			outputPaths = (
			);
			runOnlyForDeploymentPostprocessing = 0;
			shellPath = /bin/sh;
			shellScript = "if [[ $CONFIGURATION = \"Debug(Production)\" ]] || [[ $CONFIGURATION = \"Debug(Development)\" ]]; then    \n    if which /usr/local/bin/license-plist > /dev/null; then\n        if [ ! -z $LICENSE_PLIST_GITHUB_TOKEN ]; then\n            TOKEN=$LICENSE_PLIST_GITHUB_TOKEN\n        elif [ ! -z $GITHUB_TOKEN ]; then\n            TOKEN=$GITHUB_TOKEN\n        else\n            echo \"Mutaro: - licensePlistで使うためのLICENSE_PLIST_GITHUB_TOKENを設定してください\"                        \n            exit 1\n        fi\n        \n        /usr/local/bin/license-plist --output-path ${CI_WORKSPACE}/MutaroApp/MutaroApp/Resources/Settings.bundle --config-path ${CI_WORKSPACE}/MutaroApp/MutaroApp/Resources/license_plist.yml --package-path ${CI_WORKSPACE}/Mutaro.xcworkspace/xcshareddata/swiftpm/Package.resolved --github-token ${TOKEN}\n    elif which /opt/homebrew/bin/license-plist > /dev/null; then\n        if [ -f \"../env-vars.sh\" ]; then       \n            source \"../env-vars.sh\"\n        fi        \n        \n        if [ ! -z $LICENSE_PLIST_GITHUB_TOKEN ]; then\n            TOKEN=$LICENSE_PLIST_GITHUB_TOKEN\n        elif [ ! -z $GITHUB_TOKEN ]; then\n            TOKEN=$GITHUB_TOKEN\n        else\n            echo \"Mutaro: - licensePlistで使うためのLICENSE_PLIST_GITHUB_TOKENを設定してください\"            \n            exit 1          \n        fi\n        \n        /opt/homebrew/bin/license-plist --output-path ${SRCROOT}/MutaroApp/Resources/Settings.bundle --config-path ${SRCROOT}/MutaroApp/Resources/license_plist.yml --package-path ../Mutaro.xcworkspace/xcshareddata/swiftpm/Package.resolved --github-token ${TOKEN}\n    else\n        echo \"warning: Please install license-plist with 'brew install license-plist'\"\n        exit 1\n    fi\nfi\n";
		};
		715E95CF295CD8C600AD6331 /* Run FirebaseCrashlytics */ = {
			isa = PBXShellScriptBuildPhase;
			buildActionMask = 8;
			files = (
			);
			inputFileListPaths = (
			);
			inputPaths = (
				"${DWARF_DSYM_FOLDER_PATH}/${DWARF_DSYM_FILE_NAME}/Contents/Resources/DWARF/${TARGET_NAME}",
				"$(SRCROOT)/$(BUILD_PRODUCTS_DIR)/$(INFOPLIST_PATH)",
			);
			name = "Run FirebaseCrashlytics";
			outputFileListPaths = (
			);
			outputPaths = (
			);
			runOnlyForDeploymentPostprocessing = 1;
			shellPath = /bin/sh;
			shellScript = "echo ../MutaroModule/XCFrameworks/Firebase/FirebaseCrashlytics/run\n";
		};
		71FDC928296860F4006861E8 /* Copy Firebase Plist */ = {
			isa = PBXShellScriptBuildPhase;
			buildActionMask = 2147483647;
			files = (
			);
			inputFileListPaths = (
			);
			inputPaths = (
			);
			name = "Copy Firebase Plist";
			outputFileListPaths = (
			);
			outputPaths = (
			);
			runOnlyForDeploymentPostprocessing = 0;
			shellPath = /bin/sh;
			shellScript = "if [ $CI ] && [[ ! -z $CI_WORKFLOW ]]; then\n    PATH_GOOGLE_SERVICE_INFO=\"${CI_WORKSPACE}/MutaroApp/MutaroApp/Resources/GoogleServicePlists\"    \nelse\n    PATH_GOOGLE_SERVICE_INFO=\"${PROJECT_DIR}/MutaroApp/Resources/GoogleServicePlists\"    \nfi\n\ncase \"${CONFIGURATION}\" in\n    \"Debug(Production)\" )\n        PATH_DESTINATION=\"${BUILT_PRODUCTS_DIR}/Mutaro.app\"\n    cp -r \"$PATH_GOOGLE_SERVICE_INFO/GoogleService-Info-prod.plist\" \"${PATH_DESTINATION}/GoogleService-Info.plist\" ;;\n    \"Debug(Development)\" )\n        PATH_DESTINATION=\"${BUILT_PRODUCTS_DIR}/MutaroDev.app\"\n        cp -r \"$PATH_GOOGLE_SERVICE_INFO/GoogleService-Info-dev.plist\" \"${PATH_DESTINATION}/GoogleService-Info.plist\" ;;\n    \"Release(Production)\" )\n        PATH_DESTINATION=\"${BUILT_PRODUCTS_DIR}/Mutaro.app\"\n        cp -r \"$PATH_GOOGLE_SERVICE_INFO/GoogleService-Info-prod.plist\" \"${PATH_DESTINATION}/GoogleService-Info.plist\" ;;\n    \"Release(Development)\" )\n        PATH_DESTINATION=\"${BUILT_PRODUCTS_DIR}/MutaroDev.app\"\n        cp -r \"$PATH_GOOGLE_SERVICE_INFO/GoogleService-Info-dev.plist\" \"${PATH_DESTINATION}/GoogleService-Info.plist\" ;;\n esac\n";
		};
		71FDC93729686DEE006861E8 /* [NEED FIRST RUN] register env */ = {
			isa = PBXShellScriptBuildPhase;
			buildActionMask = 12;
			files = (
			);
			inputFileListPaths = (
			);
			inputPaths = (
			);
			name = "[NEED FIRST RUN] register env";
			outputFileListPaths = (
			);
			outputPaths = (
			);
			runOnlyForDeploymentPostprocessing = 0;
			shellPath = /bin/sh;
			shellScript = "if [ -f \"../env-vars.sh\" ]; then       \n    source \"../env-vars.sh\"\nfi\n\ncase \"${CONFIGURATION}\" in\n    \"Debug(Production)\" )\n        IS_DEV=false ;;\n    \"Debug(Development)\" )\n        IS_DEV=true ;;\n    \"Release(Production)\" )\n        IS_DEV=false ;;\n    \"Release(Development)\" )\n        IS_DEV=true ;;\n esac\n\nif [ $CI ] && [[ ! -z $CI_WORKFLOW ]]; then\n    if [ $IS_DEV ]; then\n        ${CI_WORKSPACE}/scripts/update-google-service-plist.sh true $IS_DEV $CI_WORKSPACE $G_DEV_CLIENT_ID $G_DEV_API_KEY $G_DEV_REVERSED_CLIENT_ID $G_DEV_GCM_SENDER_ID $G_DEV_GOOGLE_APP_ID\n    else    \n        ${CI_WORKSPACE}/scripts/update-google-service-plist.sh true $IS_DEV $CI_WORKSPACE $G_PROD_CLIENT_ID $G_PROD_API_KEY $G_PROD_REVERSED_CLIENT_ID $G_PROD_GCM_SENDER_ID $G_PROD_GOOGLE_APP_ID\n    fi\nelse    \n    if [ $IS_DEV ]; then\n        ../scripts/update-google-service-plist.sh false $IS_DEV \"\" $G_DEV_CLIENT_ID $G_DEV_API_KEY $G_DEV_REVERSED_CLIENT_ID $G_DEV_GCM_SENDER_ID $G_DEV_GOOGLE_APP_ID\n    else\n        ../scripts/update-google-service-plist.sh false $IS_DEV \"\" $G_PROD_CLIENT_ID $G_PROD_API_KEY $G_PROD_REVERSED_CLIENT_ID $G_PROD_GCM_SENDER_ID $G_PROD_GOOGLE_APP_ID\n    fi\nfi\n";
		};
/* End PBXShellScriptBuildPhase section */

/* Begin PBXSourcesBuildPhase section */
		710C3597296C58AB00ED034F /* Sources */ = {
			isa = PBXSourcesBuildPhase;
			buildActionMask = 2147483647;
			files = (
				710C35A0296C58AC00ED034F /* MutaroUITestsLaunchTests.swift in Sources */,
				710C359E296C58AC00ED034F /* MutaroUITests.swift in Sources */,
			);
			runOnlyForDeploymentPostprocessing = 0;
		};
		715E957F295CC20800AD6331 /* Sources */ = {
			isa = PBXSourcesBuildPhase;
			buildActionMask = 2147483647;
			files = (
				715E9587295CC20800AD6331 /* AppDelegate.swift in Sources */,
				715E9589295CC20800AD6331 /* SceneDelegate.swift in Sources */,
			);
			runOnlyForDeploymentPostprocessing = 0;
		};
/* End PBXSourcesBuildPhase section */

/* Begin PBXTargetDependency section */
		710C35A2296C58AC00ED034F /* PBXTargetDependency */ = {
			isa = PBXTargetDependency;
			target = 715E9582295CC20800AD6331 /* MutaroApp */;
			targetProxy = 710C35A1296C58AC00ED034F /* PBXContainerItemProxy */;
		};
/* End PBXTargetDependency section */

/* Begin XCBuildConfiguration section */
		710C35A4296C58AC00ED034F /* Debug(Production) */ = {
			isa = XCBuildConfiguration;
			buildSettings = {
				ALWAYS_SEARCH_USER_PATHS = NO;
				CLANG_ANALYZER_NONNULL = YES;
				CLANG_ANALYZER_NUMBER_OBJECT_CONVERSION = YES_AGGRESSIVE;
				CLANG_CXX_LANGUAGE_STANDARD = "gnu++20";
				CLANG_ENABLE_MODULES = YES;
				CLANG_ENABLE_OBJC_ARC = YES;
				CLANG_ENABLE_OBJC_WEAK = YES;
				CLANG_WARN_BLOCK_CAPTURE_AUTORELEASING = YES;
				CLANG_WARN_BOOL_CONVERSION = YES;
				CLANG_WARN_COMMA = YES;
				CLANG_WARN_CONSTANT_CONVERSION = YES;
				CLANG_WARN_DEPRECATED_OBJC_IMPLEMENTATIONS = YES;
				CLANG_WARN_DIRECT_OBJC_ISA_USAGE = YES_ERROR;
				CLANG_WARN_DOCUMENTATION_COMMENTS = YES;
				CLANG_WARN_EMPTY_BODY = YES;
				CLANG_WARN_ENUM_CONVERSION = YES;
				CLANG_WARN_INFINITE_RECURSION = YES;
				CLANG_WARN_INT_CONVERSION = YES;
				CLANG_WARN_NON_LITERAL_NULL_CONVERSION = YES;
				CLANG_WARN_OBJC_IMPLICIT_RETAIN_SELF = YES;
				CLANG_WARN_OBJC_LITERAL_CONVERSION = YES;
				CLANG_WARN_OBJC_ROOT_CLASS = YES_ERROR;
				CLANG_WARN_QUOTED_INCLUDE_IN_FRAMEWORK_HEADER = YES;
				CLANG_WARN_RANGE_LOOP_ANALYSIS = YES;
				CLANG_WARN_STRICT_PROTOTYPES = YES;
				CLANG_WARN_SUSPICIOUS_MOVE = YES;
				CLANG_WARN_UNGUARDED_AVAILABILITY = YES_AGGRESSIVE;
				CLANG_WARN_UNREACHABLE_CODE = YES;
				CLANG_WARN__DUPLICATE_METHOD_MATCH = YES;
				CODE_SIGN_STYLE = Automatic;
				COPY_PHASE_STRIP = NO;
				CURRENT_PROJECT_VERSION = 1;
				DEBUG_INFORMATION_FORMAT = dwarf;
				DEVELOPMENT_TEAM = PN7XF377XF;
				ENABLE_STRICT_OBJC_MSGSEND = YES;
				ENABLE_TESTABILITY = YES;
				GCC_C_LANGUAGE_STANDARD = gnu11;
				GCC_DYNAMIC_NO_PIC = NO;
				GCC_NO_COMMON_BLOCKS = YES;
				GCC_OPTIMIZATION_LEVEL = 0;
				GCC_PREPROCESSOR_DEFINITIONS = (
					"DEBUG=1",
					"$(inherited)",
				);
				GCC_WARN_64_TO_32_BIT_CONVERSION = YES;
				GCC_WARN_ABOUT_RETURN_TYPE = YES_ERROR;
				GCC_WARN_UNDECLARED_SELECTOR = YES;
				GCC_WARN_UNINITIALIZED_AUTOS = YES_AGGRESSIVE;
				GCC_WARN_UNUSED_FUNCTION = YES;
				GCC_WARN_UNUSED_VARIABLE = YES;
				GENERATE_INFOPLIST_FILE = YES;
				IPHONEOS_DEPLOYMENT_TARGET = 16.1;
				LD_RUNPATH_SEARCH_PATHS = (
					"$(inherited)",
					"$(LD_RUNPATH_SEARCH_PATHS_SHALLOW_BUNDLE_$(SHALLOW_BUNDLE))",
					"$(FRAMEWORK_SEARCH_PATHS)",
				);
				MARKETING_VERSION = 1.0;
				MTL_ENABLE_DEBUG_INFO = INCLUDE_SOURCE;
				MTL_FAST_MATH = YES;
				ONLY_ACTIVE_ARCH = YES;
				PRODUCT_BUNDLE_IDENTIFIER = MGHouse.com.MutaroUITests;
				PRODUCT_NAME = "$(TARGET_NAME)";
				SDKROOT = iphoneos;
				SWIFT_ACTIVE_COMPILATION_CONDITIONS = DEBUG;
				SWIFT_EMIT_LOC_STRINGS = NO;
				SWIFT_OPTIMIZATION_LEVEL = "-Onone";
				SWIFT_VERSION = 5.0;
				TARGETED_DEVICE_FAMILY = "1,2";
				TEST_TARGET_NAME = MutaroApp;
			};
			name = "Debug(Production)";
		};
		710C35A5296C58AC00ED034F /* Debug(Development) */ = {
			isa = XCBuildConfiguration;
			buildSettings = {
				ALWAYS_SEARCH_USER_PATHS = NO;
				CLANG_ANALYZER_NONNULL = YES;
				CLANG_ANALYZER_NUMBER_OBJECT_CONVERSION = YES_AGGRESSIVE;
				CLANG_CXX_LANGUAGE_STANDARD = "gnu++20";
				CLANG_ENABLE_MODULES = YES;
				CLANG_ENABLE_OBJC_ARC = YES;
				CLANG_ENABLE_OBJC_WEAK = YES;
				CLANG_WARN_BLOCK_CAPTURE_AUTORELEASING = YES;
				CLANG_WARN_BOOL_CONVERSION = YES;
				CLANG_WARN_COMMA = YES;
				CLANG_WARN_CONSTANT_CONVERSION = YES;
				CLANG_WARN_DEPRECATED_OBJC_IMPLEMENTATIONS = YES;
				CLANG_WARN_DIRECT_OBJC_ISA_USAGE = YES_ERROR;
				CLANG_WARN_DOCUMENTATION_COMMENTS = YES;
				CLANG_WARN_EMPTY_BODY = YES;
				CLANG_WARN_ENUM_CONVERSION = YES;
				CLANG_WARN_INFINITE_RECURSION = YES;
				CLANG_WARN_INT_CONVERSION = YES;
				CLANG_WARN_NON_LITERAL_NULL_CONVERSION = YES;
				CLANG_WARN_OBJC_IMPLICIT_RETAIN_SELF = YES;
				CLANG_WARN_OBJC_LITERAL_CONVERSION = YES;
				CLANG_WARN_OBJC_ROOT_CLASS = YES_ERROR;
				CLANG_WARN_QUOTED_INCLUDE_IN_FRAMEWORK_HEADER = YES;
				CLANG_WARN_RANGE_LOOP_ANALYSIS = YES;
				CLANG_WARN_STRICT_PROTOTYPES = YES;
				CLANG_WARN_SUSPICIOUS_MOVE = YES;
				CLANG_WARN_UNGUARDED_AVAILABILITY = YES_AGGRESSIVE;
				CLANG_WARN_UNREACHABLE_CODE = YES;
				CLANG_WARN__DUPLICATE_METHOD_MATCH = YES;
				CODE_SIGN_STYLE = Automatic;
				COPY_PHASE_STRIP = NO;
				CURRENT_PROJECT_VERSION = 1;
				DEBUG_INFORMATION_FORMAT = dwarf;
				DEVELOPMENT_TEAM = PN7XF377XF;
				ENABLE_STRICT_OBJC_MSGSEND = YES;
				ENABLE_TESTABILITY = YES;
				GCC_C_LANGUAGE_STANDARD = gnu11;
				GCC_DYNAMIC_NO_PIC = NO;
				GCC_NO_COMMON_BLOCKS = YES;
				GCC_OPTIMIZATION_LEVEL = 0;
				GCC_PREPROCESSOR_DEFINITIONS = (
					"DEBUG=1",
					"$(inherited)",
				);
				GCC_WARN_64_TO_32_BIT_CONVERSION = YES;
				GCC_WARN_ABOUT_RETURN_TYPE = YES_ERROR;
				GCC_WARN_UNDECLARED_SELECTOR = YES;
				GCC_WARN_UNINITIALIZED_AUTOS = YES_AGGRESSIVE;
				GCC_WARN_UNUSED_FUNCTION = YES;
				GCC_WARN_UNUSED_VARIABLE = YES;
				GENERATE_INFOPLIST_FILE = YES;
				IPHONEOS_DEPLOYMENT_TARGET = 16.1;
				LD_RUNPATH_SEARCH_PATHS = (
					"$(inherited)",
					"$(LD_RUNPATH_SEARCH_PATHS_SHALLOW_BUNDLE_$(SHALLOW_BUNDLE))",
					"$(FRAMEWORK_SEARCH_PATHS)",
				);
				MARKETING_VERSION = 1.0;
				MTL_ENABLE_DEBUG_INFO = INCLUDE_SOURCE;
				MTL_FAST_MATH = YES;
				ONLY_ACTIVE_ARCH = YES;
				PRODUCT_BUNDLE_IDENTIFIER = MGHouse.com.MutaroUITests;
				PRODUCT_NAME = "$(TARGET_NAME)";
				SDKROOT = iphoneos;
				SWIFT_ACTIVE_COMPILATION_CONDITIONS = DEBUG;
				SWIFT_EMIT_LOC_STRINGS = NO;
				SWIFT_OPTIMIZATION_LEVEL = "-Onone";
				SWIFT_VERSION = 5.0;
				TARGETED_DEVICE_FAMILY = "1,2";
				TEST_TARGET_NAME = MutaroApp;
			};
			name = "Debug(Development)";
		};
		710C35A6296C58AC00ED034F /* Release(Production) */ = {
			isa = XCBuildConfiguration;
			buildSettings = {
				ALWAYS_SEARCH_USER_PATHS = NO;
				CLANG_ANALYZER_NONNULL = YES;
				CLANG_ANALYZER_NUMBER_OBJECT_CONVERSION = YES_AGGRESSIVE;
				CLANG_CXX_LANGUAGE_STANDARD = "gnu++20";
				CLANG_ENABLE_MODULES = YES;
				CLANG_ENABLE_OBJC_ARC = YES;
				CLANG_ENABLE_OBJC_WEAK = YES;
				CLANG_WARN_BLOCK_CAPTURE_AUTORELEASING = YES;
				CLANG_WARN_BOOL_CONVERSION = YES;
				CLANG_WARN_COMMA = YES;
				CLANG_WARN_CONSTANT_CONVERSION = YES;
				CLANG_WARN_DEPRECATED_OBJC_IMPLEMENTATIONS = YES;
				CLANG_WARN_DIRECT_OBJC_ISA_USAGE = YES_ERROR;
				CLANG_WARN_DOCUMENTATION_COMMENTS = YES;
				CLANG_WARN_EMPTY_BODY = YES;
				CLANG_WARN_ENUM_CONVERSION = YES;
				CLANG_WARN_INFINITE_RECURSION = YES;
				CLANG_WARN_INT_CONVERSION = YES;
				CLANG_WARN_NON_LITERAL_NULL_CONVERSION = YES;
				CLANG_WARN_OBJC_IMPLICIT_RETAIN_SELF = YES;
				CLANG_WARN_OBJC_LITERAL_CONVERSION = YES;
				CLANG_WARN_OBJC_ROOT_CLASS = YES_ERROR;
				CLANG_WARN_QUOTED_INCLUDE_IN_FRAMEWORK_HEADER = YES;
				CLANG_WARN_RANGE_LOOP_ANALYSIS = YES;
				CLANG_WARN_STRICT_PROTOTYPES = YES;
				CLANG_WARN_SUSPICIOUS_MOVE = YES;
				CLANG_WARN_UNGUARDED_AVAILABILITY = YES_AGGRESSIVE;
				CLANG_WARN_UNREACHABLE_CODE = YES;
				CLANG_WARN__DUPLICATE_METHOD_MATCH = YES;
				CODE_SIGN_STYLE = Automatic;
				COPY_PHASE_STRIP = NO;
				CURRENT_PROJECT_VERSION = 1;
				DEBUG_INFORMATION_FORMAT = "dwarf-with-dsym";
				DEVELOPMENT_TEAM = PN7XF377XF;
				ENABLE_NS_ASSERTIONS = NO;
				ENABLE_STRICT_OBJC_MSGSEND = YES;
				GCC_C_LANGUAGE_STANDARD = gnu11;
				GCC_NO_COMMON_BLOCKS = YES;
				GCC_WARN_64_TO_32_BIT_CONVERSION = YES;
				GCC_WARN_ABOUT_RETURN_TYPE = YES_ERROR;
				GCC_WARN_UNDECLARED_SELECTOR = YES;
				GCC_WARN_UNINITIALIZED_AUTOS = YES_AGGRESSIVE;
				GCC_WARN_UNUSED_FUNCTION = YES;
				GCC_WARN_UNUSED_VARIABLE = YES;
				GENERATE_INFOPLIST_FILE = YES;
				IPHONEOS_DEPLOYMENT_TARGET = 16.1;
				LD_RUNPATH_SEARCH_PATHS = (
					"$(inherited)",
					"$(LD_RUNPATH_SEARCH_PATHS_SHALLOW_BUNDLE_$(SHALLOW_BUNDLE))",
					"$(FRAMEWORK_SEARCH_PATHS)",
				);
				MARKETING_VERSION = 1.0;
				MTL_ENABLE_DEBUG_INFO = NO;
				MTL_FAST_MATH = YES;
				PRODUCT_BUNDLE_IDENTIFIER = MGHouse.com.MutaroUITests;
				PRODUCT_NAME = "$(TARGET_NAME)";
				SDKROOT = iphoneos;
				SWIFT_COMPILATION_MODE = wholemodule;
				SWIFT_EMIT_LOC_STRINGS = NO;
				SWIFT_OPTIMIZATION_LEVEL = "-O";
				SWIFT_VERSION = 5.0;
				TARGETED_DEVICE_FAMILY = "1,2";
				TEST_TARGET_NAME = MutaroApp;
				VALIDATE_PRODUCT = YES;
			};
			name = "Release(Production)";
		};
		710C35A7296C58AC00ED034F /* Release(Development) */ = {
			isa = XCBuildConfiguration;
			buildSettings = {
				ALWAYS_SEARCH_USER_PATHS = NO;
				CLANG_ANALYZER_NONNULL = YES;
				CLANG_ANALYZER_NUMBER_OBJECT_CONVERSION = YES_AGGRESSIVE;
				CLANG_CXX_LANGUAGE_STANDARD = "gnu++20";
				CLANG_ENABLE_MODULES = YES;
				CLANG_ENABLE_OBJC_ARC = YES;
				CLANG_ENABLE_OBJC_WEAK = YES;
				CLANG_WARN_BLOCK_CAPTURE_AUTORELEASING = YES;
				CLANG_WARN_BOOL_CONVERSION = YES;
				CLANG_WARN_COMMA = YES;
				CLANG_WARN_CONSTANT_CONVERSION = YES;
				CLANG_WARN_DEPRECATED_OBJC_IMPLEMENTATIONS = YES;
				CLANG_WARN_DIRECT_OBJC_ISA_USAGE = YES_ERROR;
				CLANG_WARN_DOCUMENTATION_COMMENTS = YES;
				CLANG_WARN_EMPTY_BODY = YES;
				CLANG_WARN_ENUM_CONVERSION = YES;
				CLANG_WARN_INFINITE_RECURSION = YES;
				CLANG_WARN_INT_CONVERSION = YES;
				CLANG_WARN_NON_LITERAL_NULL_CONVERSION = YES;
				CLANG_WARN_OBJC_IMPLICIT_RETAIN_SELF = YES;
				CLANG_WARN_OBJC_LITERAL_CONVERSION = YES;
				CLANG_WARN_OBJC_ROOT_CLASS = YES_ERROR;
				CLANG_WARN_QUOTED_INCLUDE_IN_FRAMEWORK_HEADER = YES;
				CLANG_WARN_RANGE_LOOP_ANALYSIS = YES;
				CLANG_WARN_STRICT_PROTOTYPES = YES;
				CLANG_WARN_SUSPICIOUS_MOVE = YES;
				CLANG_WARN_UNGUARDED_AVAILABILITY = YES_AGGRESSIVE;
				CLANG_WARN_UNREACHABLE_CODE = YES;
				CLANG_WARN__DUPLICATE_METHOD_MATCH = YES;
				CODE_SIGN_STYLE = Automatic;
				COPY_PHASE_STRIP = NO;
				CURRENT_PROJECT_VERSION = 1;
				DEBUG_INFORMATION_FORMAT = "dwarf-with-dsym";
				DEVELOPMENT_TEAM = PN7XF377XF;
				ENABLE_NS_ASSERTIONS = NO;
				ENABLE_STRICT_OBJC_MSGSEND = YES;
				GCC_C_LANGUAGE_STANDARD = gnu11;
				GCC_NO_COMMON_BLOCKS = YES;
				GCC_WARN_64_TO_32_BIT_CONVERSION = YES;
				GCC_WARN_ABOUT_RETURN_TYPE = YES_ERROR;
				GCC_WARN_UNDECLARED_SELECTOR = YES;
				GCC_WARN_UNINITIALIZED_AUTOS = YES_AGGRESSIVE;
				GCC_WARN_UNUSED_FUNCTION = YES;
				GCC_WARN_UNUSED_VARIABLE = YES;
				GENERATE_INFOPLIST_FILE = YES;
				IPHONEOS_DEPLOYMENT_TARGET = 16.1;
				LD_RUNPATH_SEARCH_PATHS = (
					"$(inherited)",
					"$(LD_RUNPATH_SEARCH_PATHS_SHALLOW_BUNDLE_$(SHALLOW_BUNDLE))",
					"$(FRAMEWORK_SEARCH_PATHS)",
				);
				MARKETING_VERSION = 1.0;
				MTL_ENABLE_DEBUG_INFO = NO;
				MTL_FAST_MATH = YES;
				PRODUCT_BUNDLE_IDENTIFIER = MGHouse.com.MutaroUITests;
				PRODUCT_NAME = "$(TARGET_NAME)";
				SDKROOT = iphoneos;
				SWIFT_COMPILATION_MODE = wholemodule;
				SWIFT_EMIT_LOC_STRINGS = NO;
				SWIFT_OPTIMIZATION_LEVEL = "-O";
				SWIFT_VERSION = 5.0;
				TARGETED_DEVICE_FAMILY = "1,2";
				TEST_TARGET_NAME = MutaroApp;
				VALIDATE_PRODUCT = YES;
			};
			name = "Release(Development)";
		};
		715E95AB295CC20A00AD6331 /* Debug(Production) */ = {
			isa = XCBuildConfiguration;
			baseConfigurationReference = 71FDC92A296861AD006861E8 /* Production.xcconfig */;
			buildSettings = {
				ALWAYS_SEARCH_USER_PATHS = NO;
				CLANG_ANALYZER_NONNULL = YES;
				CLANG_ANALYZER_NUMBER_OBJECT_CONVERSION = YES_AGGRESSIVE;
				CLANG_CXX_LANGUAGE_STANDARD = "gnu++20";
				CLANG_ENABLE_MODULES = YES;
				CLANG_ENABLE_OBJC_ARC = YES;
				CLANG_ENABLE_OBJC_WEAK = YES;
				CLANG_WARN_BLOCK_CAPTURE_AUTORELEASING = YES;
				CLANG_WARN_BOOL_CONVERSION = YES;
				CLANG_WARN_COMMA = YES;
				CLANG_WARN_CONSTANT_CONVERSION = YES;
				CLANG_WARN_DEPRECATED_OBJC_IMPLEMENTATIONS = YES;
				CLANG_WARN_DIRECT_OBJC_ISA_USAGE = YES_ERROR;
				CLANG_WARN_DOCUMENTATION_COMMENTS = YES;
				CLANG_WARN_EMPTY_BODY = YES;
				CLANG_WARN_ENUM_CONVERSION = YES;
				CLANG_WARN_INFINITE_RECURSION = YES;
				CLANG_WARN_INT_CONVERSION = YES;
				CLANG_WARN_NON_LITERAL_NULL_CONVERSION = YES;
				CLANG_WARN_OBJC_IMPLICIT_RETAIN_SELF = YES;
				CLANG_WARN_OBJC_LITERAL_CONVERSION = YES;
				CLANG_WARN_OBJC_ROOT_CLASS = YES_ERROR;
				CLANG_WARN_QUOTED_INCLUDE_IN_FRAMEWORK_HEADER = YES;
				CLANG_WARN_RANGE_LOOP_ANALYSIS = YES;
				CLANG_WARN_STRICT_PROTOTYPES = YES;
				CLANG_WARN_SUSPICIOUS_MOVE = YES;
				CLANG_WARN_UNGUARDED_AVAILABILITY = YES_AGGRESSIVE;
				CLANG_WARN_UNREACHABLE_CODE = YES;
				CLANG_WARN__DUPLICATE_METHOD_MATCH = YES;
				COPY_PHASE_STRIP = NO;
				DEBUG_INFORMATION_FORMAT = dwarf;
				ENABLE_STRICT_OBJC_MSGSEND = YES;
				ENABLE_TESTABILITY = YES;
				GCC_C_LANGUAGE_STANDARD = gnu11;
				GCC_DYNAMIC_NO_PIC = NO;
				GCC_NO_COMMON_BLOCKS = YES;
				GCC_OPTIMIZATION_LEVEL = 0;
				GCC_PREPROCESSOR_DEFINITIONS = "";
				GCC_WARN_64_TO_32_BIT_CONVERSION = YES;
				GCC_WARN_ABOUT_RETURN_TYPE = YES_ERROR;
				GCC_WARN_UNDECLARED_SELECTOR = YES;
				GCC_WARN_UNINITIALIZED_AUTOS = YES_AGGRESSIVE;
				GCC_WARN_UNUSED_FUNCTION = YES;
				GCC_WARN_UNUSED_VARIABLE = YES;
				IPHONEOS_DEPLOYMENT_TARGET = 16.1;
				MTL_ENABLE_DEBUG_INFO = INCLUDE_SOURCE;
				MTL_FAST_MATH = YES;
				ONLY_ACTIVE_ARCH = YES;
				PRODUCT_BUNDLE_IDENTIFIER = "${APP_BUNDLE_ID}";
				PRODUCT_NAME = "$(APP_NAME)";
				SDKROOT = iphoneos;
				SWIFT_ACTIVE_COMPILATION_CONDITIONS = DEBUG;
				SWIFT_OPTIMIZATION_LEVEL = "-Onone";
			};
			name = "Debug(Production)";
		};
		715E95AC295CC20A00AD6331 /* Release(Production) */ = {
			isa = XCBuildConfiguration;
			baseConfigurationReference = 71FDC92A296861AD006861E8 /* Production.xcconfig */;
			buildSettings = {
				ALWAYS_SEARCH_USER_PATHS = NO;
				CLANG_ANALYZER_NONNULL = YES;
				CLANG_ANALYZER_NUMBER_OBJECT_CONVERSION = YES_AGGRESSIVE;
				CLANG_CXX_LANGUAGE_STANDARD = "gnu++20";
				CLANG_ENABLE_MODULES = YES;
				CLANG_ENABLE_OBJC_ARC = YES;
				CLANG_ENABLE_OBJC_WEAK = YES;
				CLANG_WARN_BLOCK_CAPTURE_AUTORELEASING = YES;
				CLANG_WARN_BOOL_CONVERSION = YES;
				CLANG_WARN_COMMA = YES;
				CLANG_WARN_CONSTANT_CONVERSION = YES;
				CLANG_WARN_DEPRECATED_OBJC_IMPLEMENTATIONS = YES;
				CLANG_WARN_DIRECT_OBJC_ISA_USAGE = YES_ERROR;
				CLANG_WARN_DOCUMENTATION_COMMENTS = YES;
				CLANG_WARN_EMPTY_BODY = YES;
				CLANG_WARN_ENUM_CONVERSION = YES;
				CLANG_WARN_INFINITE_RECURSION = YES;
				CLANG_WARN_INT_CONVERSION = YES;
				CLANG_WARN_NON_LITERAL_NULL_CONVERSION = YES;
				CLANG_WARN_OBJC_IMPLICIT_RETAIN_SELF = YES;
				CLANG_WARN_OBJC_LITERAL_CONVERSION = YES;
				CLANG_WARN_OBJC_ROOT_CLASS = YES_ERROR;
				CLANG_WARN_QUOTED_INCLUDE_IN_FRAMEWORK_HEADER = YES;
				CLANG_WARN_RANGE_LOOP_ANALYSIS = YES;
				CLANG_WARN_STRICT_PROTOTYPES = YES;
				CLANG_WARN_SUSPICIOUS_MOVE = YES;
				CLANG_WARN_UNGUARDED_AVAILABILITY = YES_AGGRESSIVE;
				CLANG_WARN_UNREACHABLE_CODE = YES;
				CLANG_WARN__DUPLICATE_METHOD_MATCH = YES;
				COPY_PHASE_STRIP = NO;
				DEBUG_INFORMATION_FORMAT = "dwarf-with-dsym";
				ENABLE_NS_ASSERTIONS = NO;
				ENABLE_STRICT_OBJC_MSGSEND = YES;
				GCC_C_LANGUAGE_STANDARD = gnu11;
				GCC_NO_COMMON_BLOCKS = YES;
				GCC_PREPROCESSOR_DEFINITIONS = "";
				GCC_WARN_64_TO_32_BIT_CONVERSION = YES;
				GCC_WARN_ABOUT_RETURN_TYPE = YES_ERROR;
				GCC_WARN_UNDECLARED_SELECTOR = YES;
				GCC_WARN_UNINITIALIZED_AUTOS = YES_AGGRESSIVE;
				GCC_WARN_UNUSED_FUNCTION = YES;
				GCC_WARN_UNUSED_VARIABLE = YES;
				IPHONEOS_DEPLOYMENT_TARGET = 16.1;
				MTL_ENABLE_DEBUG_INFO = NO;
				MTL_FAST_MATH = YES;
				PRODUCT_BUNDLE_IDENTIFIER = "${APP_BUNDLE_ID}";
				PRODUCT_NAME = "$(APP_NAME)";
				SDKROOT = iphoneos;
				SWIFT_COMPILATION_MODE = wholemodule;
				SWIFT_OPTIMIZATION_LEVEL = "-O";
				VALIDATE_PRODUCT = YES;
			};
			name = "Release(Production)";
		};
		715E95AE295CC20A00AD6331 /* Debug(Production) */ = {
			isa = XCBuildConfiguration;
			baseConfigurationReference = 71FDC92A296861AD006861E8 /* Production.xcconfig */;
			buildSettings = {
				ASSETCATALOG_COMPILER_APPICON_NAME = AppIcon;
				ASSETCATALOG_COMPILER_GLOBAL_ACCENT_COLOR_NAME = AccentColor;
				CODE_SIGN_IDENTITY = "Apple Development";
				CODE_SIGN_STYLE = Automatic;
				CURRENT_PROJECT_VERSION = 1;
				DEBUG_INFORMATION_FORMAT = dwarf;
				DEVELOPMENT_TEAM = PN7XF377XF;
				GENERATE_INFOPLIST_FILE = YES;
				INFOPLIST_FILE = MutaroApp/Resources/Info.plist;
				INFOPLIST_KEY_UIApplicationSupportsIndirectInputEvents = YES;
				INFOPLIST_KEY_UIRequiresFullScreen = YES;
				INFOPLIST_KEY_UISupportedInterfaceOrientations = "UIInterfaceOrientationLandscapeLeft UIInterfaceOrientationLandscapeRight UIInterfaceOrientationPortrait";
				IPHONEOS_DEPLOYMENT_TARGET = 15.0;
				LD_RUNPATH_SEARCH_PATHS = (
					"$(inherited)",
					"@executable_path/Frameworks",
				);
				MARKETING_VERSION = 1.0;
				OTHER_LDFLAGS = (
					"$(inherited)",
					"-ObjC",
					"-l\"c++\"",
				);
				OTHER_SWIFT_FLAGS = "";
				PRODUCT_BUNDLE_IDENTIFIER = "$(APP_BUNDLE_ID)";
				PRODUCT_NAME = "$(APP_NAME)";
				PROVISIONING_PROFILE_SPECIFIER = "";
				SWIFT_EMIT_LOC_STRINGS = YES;
				SWIFT_STRICT_CONCURRENCY = complete;
				SWIFT_VERSION = 5.0;
				TARGETED_DEVICE_FAMILY = "1,2";
			};
			name = "Debug(Production)";
		};
		715E95AF295CC20A00AD6331 /* Release(Production) */ = {
			isa = XCBuildConfiguration;
			baseConfigurationReference = 71FDC92A296861AD006861E8 /* Production.xcconfig */;
			buildSettings = {
				ASSETCATALOG_COMPILER_APPICON_NAME = AppIcon;
				ASSETCATALOG_COMPILER_GLOBAL_ACCENT_COLOR_NAME = AccentColor;
				CODE_SIGN_IDENTITY = "Apple Development";
				CODE_SIGN_STYLE = Automatic;
				CURRENT_PROJECT_VERSION = 1;
				DEVELOPMENT_TEAM = PN7XF377XF;
				GENERATE_INFOPLIST_FILE = YES;
				INFOPLIST_FILE = MutaroApp/Resources/Info.plist;
				INFOPLIST_KEY_UIApplicationSupportsIndirectInputEvents = YES;
				INFOPLIST_KEY_UIRequiresFullScreen = YES;
				INFOPLIST_KEY_UISupportedInterfaceOrientations = "UIInterfaceOrientationLandscapeLeft UIInterfaceOrientationLandscapeRight UIInterfaceOrientationPortrait";
				IPHONEOS_DEPLOYMENT_TARGET = 15.0;
				LD_RUNPATH_SEARCH_PATHS = (
					"$(inherited)",
					"@executable_path/Frameworks",
				);
				MARKETING_VERSION = 1.0;
				OTHER_LDFLAGS = (
					"$(inherited)",
					"-ObjC",
					"-l\"c++\"",
				);
				OTHER_SWIFT_FLAGS = "";
				PRODUCT_BUNDLE_IDENTIFIER = "$(APP_BUNDLE_ID)";
				PRODUCT_NAME = "$(APP_NAME)";
				PROVISIONING_PROFILE_SPECIFIER = "";
				SWIFT_EMIT_LOC_STRINGS = YES;
				SWIFT_STRICT_CONCURRENCY = complete;
				SWIFT_VERSION = 5.0;
				TARGETED_DEVICE_FAMILY = "1,2";
			};
			name = "Release(Production)";
		};
		71FDC92B296861DF006861E8 /* Debug(Development) */ = {
			isa = XCBuildConfiguration;
			baseConfigurationReference = 71FDC929296861A7006861E8 /* Development.xcconfig */;
			buildSettings = {
				ALWAYS_SEARCH_USER_PATHS = NO;
				CLANG_ANALYZER_NONNULL = YES;
				CLANG_ANALYZER_NUMBER_OBJECT_CONVERSION = YES_AGGRESSIVE;
				CLANG_CXX_LANGUAGE_STANDARD = "gnu++20";
				CLANG_ENABLE_MODULES = YES;
				CLANG_ENABLE_OBJC_ARC = YES;
				CLANG_ENABLE_OBJC_WEAK = YES;
				CLANG_WARN_BLOCK_CAPTURE_AUTORELEASING = YES;
				CLANG_WARN_BOOL_CONVERSION = YES;
				CLANG_WARN_COMMA = YES;
				CLANG_WARN_CONSTANT_CONVERSION = YES;
				CLANG_WARN_DEPRECATED_OBJC_IMPLEMENTATIONS = YES;
				CLANG_WARN_DIRECT_OBJC_ISA_USAGE = YES_ERROR;
				CLANG_WARN_DOCUMENTATION_COMMENTS = YES;
				CLANG_WARN_EMPTY_BODY = YES;
				CLANG_WARN_ENUM_CONVERSION = YES;
				CLANG_WARN_INFINITE_RECURSION = YES;
				CLANG_WARN_INT_CONVERSION = YES;
				CLANG_WARN_NON_LITERAL_NULL_CONVERSION = YES;
				CLANG_WARN_OBJC_IMPLICIT_RETAIN_SELF = YES;
				CLANG_WARN_OBJC_LITERAL_CONVERSION = YES;
				CLANG_WARN_OBJC_ROOT_CLASS = YES_ERROR;
				CLANG_WARN_QUOTED_INCLUDE_IN_FRAMEWORK_HEADER = YES;
				CLANG_WARN_RANGE_LOOP_ANALYSIS = YES;
				CLANG_WARN_STRICT_PROTOTYPES = YES;
				CLANG_WARN_SUSPICIOUS_MOVE = YES;
				CLANG_WARN_UNGUARDED_AVAILABILITY = YES_AGGRESSIVE;
				CLANG_WARN_UNREACHABLE_CODE = YES;
				CLANG_WARN__DUPLICATE_METHOD_MATCH = YES;
				COPY_PHASE_STRIP = NO;
				DEBUG_INFORMATION_FORMAT = dwarf;
				ENABLE_STRICT_OBJC_MSGSEND = YES;
				ENABLE_TESTABILITY = YES;
				GCC_C_LANGUAGE_STANDARD = gnu11;
				GCC_DYNAMIC_NO_PIC = NO;
				GCC_NO_COMMON_BLOCKS = YES;
				GCC_OPTIMIZATION_LEVEL = 0;
				GCC_PREPROCESSOR_DEFINITIONS = "";
				GCC_WARN_64_TO_32_BIT_CONVERSION = YES;
				GCC_WARN_ABOUT_RETURN_TYPE = YES_ERROR;
				GCC_WARN_UNDECLARED_SELECTOR = YES;
				GCC_WARN_UNINITIALIZED_AUTOS = YES_AGGRESSIVE;
				GCC_WARN_UNUSED_FUNCTION = YES;
				GCC_WARN_UNUSED_VARIABLE = YES;
				IPHONEOS_DEPLOYMENT_TARGET = 16.1;
				MTL_ENABLE_DEBUG_INFO = INCLUDE_SOURCE;
				MTL_FAST_MATH = YES;
				ONLY_ACTIVE_ARCH = YES;
				PRODUCT_BUNDLE_IDENTIFIER = "${APP_BUNDLE_ID}";
				PRODUCT_NAME = "$(APP_NAME)";
				SDKROOT = iphoneos;
				SWIFT_ACTIVE_COMPILATION_CONDITIONS = DEBUG;
				SWIFT_OPTIMIZATION_LEVEL = "-Onone";
			};
			name = "Debug(Development)";
		};
		71FDC92C296861DF006861E8 /* Debug(Development) */ = {
			isa = XCBuildConfiguration;
			baseConfigurationReference = 71FDC929296861A7006861E8 /* Development.xcconfig */;
			buildSettings = {
				ASSETCATALOG_COMPILER_APPICON_NAME = "AppIcon-dev";
				ASSETCATALOG_COMPILER_GLOBAL_ACCENT_COLOR_NAME = AccentColor;
				CODE_SIGN_IDENTITY = "Apple Development";
				CODE_SIGN_STYLE = Automatic;
				CURRENT_PROJECT_VERSION = 1;
				DEBUG_INFORMATION_FORMAT = dwarf;
				DEVELOPMENT_TEAM = PN7XF377XF;
				GCC_PREPROCESSOR_DEFINITIONS = "";
				GENERATE_INFOPLIST_FILE = YES;
				INFOPLIST_FILE = MutaroApp/Resources/Info.plist;
				INFOPLIST_KEY_UIApplicationSupportsIndirectInputEvents = YES;
				INFOPLIST_KEY_UIRequiresFullScreen = YES;
				INFOPLIST_KEY_UISupportedInterfaceOrientations = "UIInterfaceOrientationLandscapeLeft UIInterfaceOrientationLandscapeRight UIInterfaceOrientationPortrait";
				IPHONEOS_DEPLOYMENT_TARGET = 15.0;
				LD_RUNPATH_SEARCH_PATHS = (
					"$(inherited)",
					"@executable_path/Frameworks",
				);
				MARKETING_VERSION = 1.0;
				OTHER_LDFLAGS = (
					"$(inherited)",
					"-ObjC",
					"-l\"c++\"",
				);
				OTHER_SWIFT_FLAGS = "";
				PRODUCT_BUNDLE_IDENTIFIER = "$(APP_BUNDLE_ID)";
				PRODUCT_NAME = "$(APP_NAME)";
				PROVISIONING_PROFILE_SPECIFIER = "";
				SWIFT_ACTIVE_COMPILATION_CONDITIONS = "DEV DEBUG";
				SWIFT_EMIT_LOC_STRINGS = YES;
				SWIFT_STRICT_CONCURRENCY = complete;
				SWIFT_VERSION = 5.0;
				TARGETED_DEVICE_FAMILY = "1,2";
			};
			name = "Debug(Development)";
		};
		71FDC92F296861F5006861E8 /* Release(Development) */ = {
			isa = XCBuildConfiguration;
			baseConfigurationReference = 71FDC929296861A7006861E8 /* Development.xcconfig */;
			buildSettings = {
				ALWAYS_SEARCH_USER_PATHS = NO;
				CLANG_ANALYZER_NONNULL = YES;
				CLANG_ANALYZER_NUMBER_OBJECT_CONVERSION = YES_AGGRESSIVE;
				CLANG_CXX_LANGUAGE_STANDARD = "gnu++20";
				CLANG_ENABLE_MODULES = YES;
				CLANG_ENABLE_OBJC_ARC = YES;
				CLANG_ENABLE_OBJC_WEAK = YES;
				CLANG_WARN_BLOCK_CAPTURE_AUTORELEASING = YES;
				CLANG_WARN_BOOL_CONVERSION = YES;
				CLANG_WARN_COMMA = YES;
				CLANG_WARN_CONSTANT_CONVERSION = YES;
				CLANG_WARN_DEPRECATED_OBJC_IMPLEMENTATIONS = YES;
				CLANG_WARN_DIRECT_OBJC_ISA_USAGE = YES_ERROR;
				CLANG_WARN_DOCUMENTATION_COMMENTS = YES;
				CLANG_WARN_EMPTY_BODY = YES;
				CLANG_WARN_ENUM_CONVERSION = YES;
				CLANG_WARN_INFINITE_RECURSION = YES;
				CLANG_WARN_INT_CONVERSION = YES;
				CLANG_WARN_NON_LITERAL_NULL_CONVERSION = YES;
				CLANG_WARN_OBJC_IMPLICIT_RETAIN_SELF = YES;
				CLANG_WARN_OBJC_LITERAL_CONVERSION = YES;
				CLANG_WARN_OBJC_ROOT_CLASS = YES_ERROR;
				CLANG_WARN_QUOTED_INCLUDE_IN_FRAMEWORK_HEADER = YES;
				CLANG_WARN_RANGE_LOOP_ANALYSIS = YES;
				CLANG_WARN_STRICT_PROTOTYPES = YES;
				CLANG_WARN_SUSPICIOUS_MOVE = YES;
				CLANG_WARN_UNGUARDED_AVAILABILITY = YES_AGGRESSIVE;
				CLANG_WARN_UNREACHABLE_CODE = YES;
				CLANG_WARN__DUPLICATE_METHOD_MATCH = YES;
				COPY_PHASE_STRIP = NO;
				DEBUG_INFORMATION_FORMAT = "dwarf-with-dsym";
				ENABLE_NS_ASSERTIONS = NO;
				ENABLE_STRICT_OBJC_MSGSEND = YES;
				GCC_C_LANGUAGE_STANDARD = gnu11;
				GCC_NO_COMMON_BLOCKS = YES;
				GCC_PREPROCESSOR_DEFINITIONS = "";
				GCC_WARN_64_TO_32_BIT_CONVERSION = YES;
				GCC_WARN_ABOUT_RETURN_TYPE = YES_ERROR;
				GCC_WARN_UNDECLARED_SELECTOR = YES;
				GCC_WARN_UNINITIALIZED_AUTOS = YES_AGGRESSIVE;
				GCC_WARN_UNUSED_FUNCTION = YES;
				GCC_WARN_UNUSED_VARIABLE = YES;
				IPHONEOS_DEPLOYMENT_TARGET = 16.1;
				MTL_ENABLE_DEBUG_INFO = NO;
				MTL_FAST_MATH = YES;
				PRODUCT_BUNDLE_IDENTIFIER = "${APP_BUNDLE_ID}";
				PRODUCT_NAME = "$(APP_NAME)";
				SDKROOT = iphoneos;
				SWIFT_COMPILATION_MODE = wholemodule;
				SWIFT_OPTIMIZATION_LEVEL = "-O";
				VALIDATE_PRODUCT = YES;
			};
			name = "Release(Development)";
		};
		71FDC930296861F5006861E8 /* Release(Development) */ = {
			isa = XCBuildConfiguration;
			baseConfigurationReference = 71FDC929296861A7006861E8 /* Development.xcconfig */;
			buildSettings = {
				ASSETCATALOG_COMPILER_APPICON_NAME = "AppIcon-dev";
				ASSETCATALOG_COMPILER_GLOBAL_ACCENT_COLOR_NAME = AccentColor;
				CODE_SIGN_IDENTITY = "Apple Development";
				CODE_SIGN_STYLE = Automatic;
				CURRENT_PROJECT_VERSION = 1;
				DEVELOPMENT_TEAM = PN7XF377XF;
				GCC_PREPROCESSOR_DEFINITIONS = "";
				GENERATE_INFOPLIST_FILE = YES;
				INFOPLIST_FILE = MutaroApp/Resources/Info.plist;
				INFOPLIST_KEY_UIApplicationSupportsIndirectInputEvents = YES;
				INFOPLIST_KEY_UIRequiresFullScreen = YES;
				INFOPLIST_KEY_UISupportedInterfaceOrientations = "UIInterfaceOrientationLandscapeLeft UIInterfaceOrientationLandscapeRight UIInterfaceOrientationPortrait";
				IPHONEOS_DEPLOYMENT_TARGET = 15.0;
				LD_RUNPATH_SEARCH_PATHS = (
					"$(inherited)",
					"@executable_path/Frameworks",
				);
				MARKETING_VERSION = 1.0;
				OTHER_LDFLAGS = (
					"$(inherited)",
					"-ObjC",
					"-l\"c++\"",
				);
				OTHER_SWIFT_FLAGS = "";
				PRODUCT_BUNDLE_IDENTIFIER = "$(APP_BUNDLE_ID)";
				PRODUCT_NAME = "$(APP_NAME)";
				PROVISIONING_PROFILE_SPECIFIER = "";
				SWIFT_ACTIVE_COMPILATION_CONDITIONS = DEV;
				SWIFT_EMIT_LOC_STRINGS = YES;
				SWIFT_STRICT_CONCURRENCY = complete;
				SWIFT_VERSION = 5.0;
				TARGETED_DEVICE_FAMILY = "1,2";
			};
			name = "Release(Development)";
		};
/* End XCBuildConfiguration section */

/* Begin XCConfigurationList section */
		710C35A3296C58AC00ED034F /* Build configuration list for PBXNativeTarget "MutaroUITests" */ = {
			isa = XCConfigurationList;
			buildConfigurations = (
				710C35A4296C58AC00ED034F /* Debug(Production) */,
				710C35A5296C58AC00ED034F /* Debug(Development) */,
				710C35A6296C58AC00ED034F /* Release(Production) */,
				710C35A7296C58AC00ED034F /* Release(Development) */,
			);
			defaultConfigurationIsVisible = 0;
			defaultConfigurationName = "Release(Production)";
		};
		715E957E295CC20800AD6331 /* Build configuration list for PBXProject "MutaroApp" */ = {
			isa = XCConfigurationList;
			buildConfigurations = (
				715E95AB295CC20A00AD6331 /* Debug(Production) */,
				71FDC92B296861DF006861E8 /* Debug(Development) */,
				715E95AC295CC20A00AD6331 /* Release(Production) */,
				71FDC92F296861F5006861E8 /* Release(Development) */,
			);
			defaultConfigurationIsVisible = 0;
			defaultConfigurationName = "Release(Production)";
		};
		715E95AD295CC20A00AD6331 /* Build configuration list for PBXNativeTarget "MutaroApp" */ = {
			isa = XCConfigurationList;
			buildConfigurations = (
				715E95AE295CC20A00AD6331 /* Debug(Production) */,
				71FDC92C296861DF006861E8 /* Debug(Development) */,
				715E95AF295CC20A00AD6331 /* Release(Production) */,
				71FDC930296861F5006861E8 /* Release(Development) */,
			);
			defaultConfigurationIsVisible = 0;
			defaultConfigurationName = "Release(Production)";
		};
/* End XCConfigurationList section */

/* Begin XCSwiftPackageProductDependency section */
		710C35A8296C5B7A00ED034F /* Core */ = {
			isa = XCSwiftPackageProductDependency;
			productName = Core;
		};
		710C35AA296C5B7A00ED034F /* FirebaseSetup */ = {
			isa = XCSwiftPackageProductDependency;
			productName = FirebaseSetup;
		};
		71FB3C8729707B5E008F843A /* Features */ = {
			isa = XCSwiftPackageProductDependency;
			productName = Features;
		};
		71FB3C8929707B5E008F843A /* FirebaseSetup */ = {
			isa = XCSwiftPackageProductDependency;
			productName = FirebaseSetup;
		};
/* End XCSwiftPackageProductDependency section */
	};
	rootObject = 715E957B295CC20800AD6331 /* Project object */;
}
